// !$*UTF8*$!
{
	archiveVersion = 1;
	classes = {
	};
	objectVersion = 50;
	objects = {

/* Begin PBXBuildFile section */
		09011DD97B449978724C0F47 /* TuistBundle+Cozyinthere.swift in Sources */ = {isa = PBXBuildFile; fileRef = 6C5968A7ADBE169E488E606F /* TuistBundle+Cozyinthere.swift */; };
		0F276B543CDF9EA545EDC03C /* Assets.xcassets in Resources */ = {isa = PBXBuildFile; fileRef = 292F43E39FBC67781DE9D6BA /* Assets.xcassets */; };
		5855729658A7AAD9ACD20FE2 /* TuistAssets+Cozyinthere.swift in Sources */ = {isa = PBXBuildFile; fileRef = 126DB384AD6006D8C203C55C /* TuistAssets+Cozyinthere.swift */; };
		6659BEB30AAA8227D8EA48FC /* cozyinthereTests.swift in Sources */ = {isa = PBXBuildFile; fileRef = 1D0D7D167370A545DE34B185 /* cozyinthereTests.swift */; };
		89E0893A81A893E92A4D4552 /* cozyinthereApp.swift in Sources */ = {isa = PBXBuildFile; fileRef = 0DA741F98D65E877FC82A50B /* cozyinthereApp.swift */; };
		98F1FE59CFB16AA760560325 /* ContentView.swift in Sources */ = {isa = PBXBuildFile; fileRef = 80E0FBB25EFE25D073BABA2B /* ContentView.swift */; };
		FC1352CE42FF5675E7EC062C /* Preview Assets.xcassets in Resources */ = {isa = PBXBuildFile; fileRef = 514F00D5786B0C93AA8E4880 /* Preview Assets.xcassets */; };
/* End PBXBuildFile section */

/* Begin PBXContainerItemProxy section */
		DAF25CB6E687A74122634912 /* PBXContainerItemProxy */ = {
			isa = PBXContainerItemProxy;
			containerPortal = D883884C64F37282AC8E3A1B /* Project object */;
			proxyType = 1;
			remoteGlobalIDString = ABE190484827D8FEFBE01B3E;
			remoteInfo = cozyinthere;
		};
/* End PBXContainerItemProxy section */

/* Begin PBXCopyFilesBuildPhase section */
		6B11B2E36EF57A88FBEC0B6E /* Embed Frameworks */ = {
			isa = PBXCopyFilesBuildPhase;
			buildActionMask = 2147483647;
			dstPath = "";
			dstSubfolderSpec = 10;
			files = (
			);
			name = "Embed Frameworks";
			runOnlyForDeploymentPostprocessing = 0;
		};
		FDAB6933788D22D3E9346445 /* Embed Frameworks */ = {
			isa = PBXCopyFilesBuildPhase;
			buildActionMask = 2147483647;
			dstPath = "";
			dstSubfolderSpec = 10;
			files = (
			);
			name = "Embed Frameworks";
			runOnlyForDeploymentPostprocessing = 0;
		};
/* End PBXCopyFilesBuildPhase section */

/* Begin PBXFileReference section */
		0DA741F98D65E877FC82A50B /* cozyinthereApp.swift */ = {isa = PBXFileReference; lastKnownFileType = sourcecode.swift; path = cozyinthereApp.swift; sourceTree = "<group>"; };
		126DB384AD6006D8C203C55C /* TuistAssets+Cozyinthere.swift */ = {isa = PBXFileReference; lastKnownFileType = sourcecode.swift; path = "TuistAssets+Cozyinthere.swift"; sourceTree = "<group>"; };
		1D0D7D167370A545DE34B185 /* cozyinthereTests.swift */ = {isa = PBXFileReference; lastKnownFileType = sourcecode.swift; path = cozyinthereTests.swift; sourceTree = "<group>"; };
		292F43E39FBC67781DE9D6BA /* Assets.xcassets */ = {isa = PBXFileReference; lastKnownFileType = folder.assetcatalog; path = Assets.xcassets; sourceTree = "<group>"; };
		37EB7EE0BA098D79E8F152B9 /* Info.plist */ = {isa = PBXFileReference; lastKnownFileType = text.plist; path = Info.plist; sourceTree = "<group>"; };
		514F00D5786B0C93AA8E4880 /* Preview Assets.xcassets */ = {isa = PBXFileReference; lastKnownFileType = folder.assetcatalog; path = "Preview Assets.xcassets"; sourceTree = "<group>"; };
		58DD06996766ED820C80EBDF /* cozyinthereTests.xctest */ = {isa = PBXFileReference; explicitFileType = wrapper.cfbundle; includeInIndex = 0; path = cozyinthereTests.xctest; sourceTree = BUILT_PRODUCTS_DIR; };
		6C5968A7ADBE169E488E606F /* TuistBundle+Cozyinthere.swift */ = {isa = PBXFileReference; lastKnownFileType = sourcecode.swift; path = "TuistBundle+Cozyinthere.swift"; sourceTree = "<group>"; };
		80E0FBB25EFE25D073BABA2B /* ContentView.swift */ = {isa = PBXFileReference; lastKnownFileType = sourcecode.swift; path = ContentView.swift; sourceTree = "<group>"; };
		CAA7F5CA5042332DC55FD93C /* cozyinthere.app */ = {isa = PBXFileReference; explicitFileType = wrapper.application; includeInIndex = 0; path = cozyinthere.app; sourceTree = BUILT_PRODUCTS_DIR; };
/* End PBXFileReference section */

/* Begin PBXFrameworksBuildPhase section */
		92FD3A71232328B6F30F4537 /* Frameworks */ = {
			isa = PBXFrameworksBuildPhase;
			buildActionMask = 2147483647;
			files = (
			);
			runOnlyForDeploymentPostprocessing = 0;
		};
		C0777879F9251B1E4ADF5A40 /* Frameworks */ = {
			isa = PBXFrameworksBuildPhase;
			buildActionMask = 2147483647;
			files = (
			);
			runOnlyForDeploymentPostprocessing = 0;
		};
/* End PBXFrameworksBuildPhase section */

/* Begin PBXGroup section */
		1D115C3EC3EA7ECFA2AD284A /* Derived */ = {
			isa = PBXGroup;
			children = (
				FB862AEA643033F1006039C3 /* Sources */,
			);
			path = Derived;
			sourceTree = "<group>";
		};
		23D95963301B19FB0311047D /* Resources */ = {
			isa = PBXGroup;
			children = (
				85F06A24C778107DA05C0298 /* Preview Content */,
				292F43E39FBC67781DE9D6BA /* Assets.xcassets */,
			);
			path = Resources;
			sourceTree = "<group>";
		};
		4041AA2C9E7BB5AE1EB0A525 /* cozyinthereTests */ = {
			isa = PBXGroup;
			children = (
				1D0D7D167370A545DE34B185 /* cozyinthereTests.swift */,
			);
			path = cozyinthereTests;
			sourceTree = "<group>";
		};
		56CD84DEC8917DCF1CE1B950 /* Tests */ = {
			isa = PBXGroup;
			children = (
				4041AA2C9E7BB5AE1EB0A525 /* cozyinthereTests */,
			);
			path = Tests;
			sourceTree = "<group>";
		};
		85F06A24C778107DA05C0298 /* Preview Content */ = {
			isa = PBXGroup;
			children = (
				514F00D5786B0C93AA8E4880 /* Preview Assets.xcassets */,
			);
			path = "Preview Content";
			sourceTree = "<group>";
		};
		CB27844B61FA989642A3419E = {
			isa = PBXGroup;
			children = (
				F0D63681C093529CD4686124 /* Project */,
				DF4720AD4CCA8FDC35CD908D /* Frameworks */,
				D8B2983A1429A3D28BC214C6 /* Products */,
			);
			sourceTree = "<group>";
		};
		D3677717A749D311F3F24F87 /* Sources */ = {
			isa = PBXGroup;
			children = (
				80E0FBB25EFE25D073BABA2B /* ContentView.swift */,
				0DA741F98D65E877FC82A50B /* cozyinthereApp.swift */,
			);
			path = Sources;
			sourceTree = "<group>";
		};
		D8B2983A1429A3D28BC214C6 /* Products */ = {
			isa = PBXGroup;
			children = (
				CAA7F5CA5042332DC55FD93C /* cozyinthere.app */,
				58DD06996766ED820C80EBDF /* cozyinthereTests.xctest */,
			);
			name = Products;
			sourceTree = "<group>";
		};
		DF4720AD4CCA8FDC35CD908D /* Frameworks */ = {
			isa = PBXGroup;
			children = (
			);
			name = Frameworks;
			sourceTree = "<group>";
		};
		F0D63681C093529CD4686124 /* Project */ = {
			isa = PBXGroup;
			children = (
				1D115C3EC3EA7ECFA2AD284A /* Derived */,
				23D95963301B19FB0311047D /* Resources */,
				D3677717A749D311F3F24F87 /* Sources */,
				56CD84DEC8917DCF1CE1B950 /* Tests */,
				37EB7EE0BA098D79E8F152B9 /* Info.plist */,
			);
			name = Project;
			sourceTree = "<group>";
		};
		FB862AEA643033F1006039C3 /* Sources */ = {
			isa = PBXGroup;
			children = (
				126DB384AD6006D8C203C55C /* TuistAssets+Cozyinthere.swift */,
				6C5968A7ADBE169E488E606F /* TuistBundle+Cozyinthere.swift */,
			);
			path = Sources;
			sourceTree = "<group>";
		};
/* End PBXGroup section */

/* Begin PBXNativeTarget section */
		06E50BD86E78B78295ADEDF3 /* cozyinthereTests */ = {
			isa = PBXNativeTarget;
			buildConfigurationList = 227966067F06AED1A6BE70E1 /* Build configuration list for PBXNativeTarget "cozyinthereTests" */;
			buildPhases = (
				208156F5356053817BBD8E81 /* Sources */,
				72EDF257916803817C2BD4AC /* Resources */,
				6B11B2E36EF57A88FBEC0B6E /* Embed Frameworks */,
				92FD3A71232328B6F30F4537 /* Frameworks */,
			);
			buildRules = (
			);
			dependencies = (
				2F24789BE214990BD68BBA02 /* PBXTargetDependency */,
			);
			name = cozyinthereTests;
			productName = cozyinthereTests;
			productReference = 58DD06996766ED820C80EBDF /* cozyinthereTests.xctest */;
			productType = "com.apple.product-type.bundle.unit-test";
		};
		ABE190484827D8FEFBE01B3E /* cozyinthere */ = {
			isa = PBXNativeTarget;
			buildConfigurationList = 13F6682B6E9B5AB391A2A94D /* Build configuration list for PBXNativeTarget "cozyinthere" */;
			buildPhases = (
				7A18423C7296E0AECDE8BD0A /* Sources */,
				C6051E83F9DED23420DBE938 /* Resources */,
				FDAB6933788D22D3E9346445 /* Embed Frameworks */,
				C0777879F9251B1E4ADF5A40 /* Frameworks */,
			);
			buildRules = (
			);
			dependencies = (
			);
			name = cozyinthere;
			productName = cozyinthere;
			productReference = CAA7F5CA5042332DC55FD93C /* cozyinthere.app */;
			productType = "com.apple.product-type.application";
		};
/* End PBXNativeTarget section */

/* Begin PBXProject section */
		D883884C64F37282AC8E3A1B /* Project object */ = {
			isa = PBXProject;
			attributes = {
				ORGANIZATIONNAME = com.jimmy.cozyinthere;
				TargetAttributes = {
					06E50BD86E78B78295ADEDF3 = {
						TestTargetID = ABE190484827D8FEFBE01B3E;
					};
				};
			};
			buildConfigurationList = CFB692D0FD0A4271B52F4FD3 /* Build configuration list for PBXProject "cozyinthere" */;
			compatibilityVersion = "Xcode 13.0";
			developmentRegion = en;
			hasScannedForEncodings = 0;
			knownRegions = (
				Base,
				en,
			);
			mainGroup = CB27844B61FA989642A3419E;
			productRefGroup = D8B2983A1429A3D28BC214C6 /* Products */;
			projectDirPath = "";
			projectRoot = "";
			targets = (
				ABE190484827D8FEFBE01B3E /* cozyinthere */,
				06E50BD86E78B78295ADEDF3 /* cozyinthereTests */,
			);
		};
/* End PBXProject section */

/* Begin PBXResourcesBuildPhase section */
		72EDF257916803817C2BD4AC /* Resources */ = {
			isa = PBXResourcesBuildPhase;
			buildActionMask = 2147483647;
			files = (
			);
			runOnlyForDeploymentPostprocessing = 0;
		};
		C6051E83F9DED23420DBE938 /* Resources */ = {
			isa = PBXResourcesBuildPhase;
			buildActionMask = 2147483647;
			files = (
				0F276B543CDF9EA545EDC03C /* Assets.xcassets in Resources */,
				FC1352CE42FF5675E7EC062C /* Preview Assets.xcassets in Resources */,
			);
			runOnlyForDeploymentPostprocessing = 0;
		};
/* End PBXResourcesBuildPhase section */

/* Begin PBXSourcesBuildPhase section */
		208156F5356053817BBD8E81 /* Sources */ = {
			isa = PBXSourcesBuildPhase;
			buildActionMask = 2147483647;
			files = (
				6659BEB30AAA8227D8EA48FC /* cozyinthereTests.swift in Sources */,
			);
			runOnlyForDeploymentPostprocessing = 0;
		};
		7A18423C7296E0AECDE8BD0A /* Sources */ = {
			isa = PBXSourcesBuildPhase;
			buildActionMask = 2147483647;
			files = (
				5855729658A7AAD9ACD20FE2 /* TuistAssets+Cozyinthere.swift in Sources */,
				09011DD97B449978724C0F47 /* TuistBundle+Cozyinthere.swift in Sources */,
				98F1FE59CFB16AA760560325 /* ContentView.swift in Sources */,
				89E0893A81A893E92A4D4552 /* cozyinthereApp.swift in Sources */,
			);
			runOnlyForDeploymentPostprocessing = 0;
		};
/* End PBXSourcesBuildPhase section */

/* Begin PBXTargetDependency section */
		2F24789BE214990BD68BBA02 /* PBXTargetDependency */ = {
			isa = PBXTargetDependency;
			name = cozyinthere;
			target = ABE190484827D8FEFBE01B3E /* cozyinthere */;
			targetProxy = DAF25CB6E687A74122634912 /* PBXContainerItemProxy */;
		};
/* End PBXTargetDependency section */

/* Begin XCBuildConfiguration section */
		52398750F5775F8492C4FAA0 /* Release */ = {
			isa = XCBuildConfiguration;
			buildSettings = {
				ASSETCATALOG_COMPILER_APPICON_NAME = AppIcon;
				CODE_SIGN_IDENTITY = "iPhone Developer";
				ENABLE_PREVIEWS = YES;
				INFOPLIST_FILE = Info.plist;
				LD_RUNPATH_SEARCH_PATHS = (
					"$(inherited)",
					"@executable_path/Frameworks",
				);
				PRODUCT_BUNDLE_IDENTIFIER = com.jimmy.cozyinthere;
				PRODUCT_NAME = cozyinthere;
				SDKROOT = iphoneos;
				SWIFT_COMPILATION_MODE = wholemodule;
				SWIFT_OPTIMIZATION_LEVEL = "-Owholemodule";
				SWIFT_VERSION = 5.0;
				TARGETED_DEVICE_FAMILY = "1,2";
			};
			name = Release;
		};
		62E53B272D32115D1EB70720 /* Debug */ = {
			isa = XCBuildConfiguration;
			buildSettings = {
				ASSETCATALOG_COMPILER_APPICON_NAME = AppIcon;
				CODE_SIGN_IDENTITY = "iPhone Developer";
				ENABLE_PREVIEWS = YES;
				INFOPLIST_FILE = Info.plist;
				LD_RUNPATH_SEARCH_PATHS = (
					"$(inherited)",
					"@executable_path/Frameworks",
				);
				PRODUCT_BUNDLE_IDENTIFIER = com.jimmy.cozyinthere;
				PRODUCT_NAME = cozyinthere;
				SDKROOT = iphoneos;
				SWIFT_ACTIVE_COMPILATION_CONDITIONS = DEBUG;
				SWIFT_COMPILATION_MODE = singlefile;
				SWIFT_OPTIMIZATION_LEVEL = "-Onone";
				SWIFT_VERSION = 5.0;
				TARGETED_DEVICE_FAMILY = "1,2";
			};
			name = Debug;
		};
		7E7B823B75ED505469769030 /* Debug */ = {
			isa = XCBuildConfiguration;
			buildSettings = {
				BUNDLE_LOADER = "$(TEST_HOST)";
				CODE_SIGN_IDENTITY = "iPhone Developer";
				INFOPLIST_FILE = Info.plist;
				LD_RUNPATH_SEARCH_PATHS = (
					"$(inherited)",
					"@executable_path/Frameworks",
					"@loader_path/Frameworks",
				);
				PRODUCT_BUNDLE_IDENTIFIER = com.jimmy.cozyinthereTests;
				PRODUCT_NAME = cozyinthereTests;
				SDKROOT = iphoneos;
				SWIFT_ACTIVE_COMPILATION_CONDITIONS = DEBUG;
				SWIFT_COMPILATION_MODE = singlefile;
				SWIFT_OPTIMIZATION_LEVEL = "-Onone";
				SWIFT_VERSION = 5.0;
				TARGETED_DEVICE_FAMILY = "1,2";
				TEST_HOST = "$(BUILT_PRODUCTS_DIR)/cozyinthere.app/cozyinthere";
				TEST_TARGET_NAME = cozyinthere;
			};
			name = Debug;
		};
		908CEE471444A5F3572611B0 /* Debug */ = {
			isa = XCBuildConfiguration;
			buildSettings = {
				ALWAYS_SEARCH_USER_PATHS = NO;
				CLANG_ANALYZER_LOCALIZABILITY_NONLOCALIZED = YES;
				CLANG_ANALYZER_NONNULL = YES;
				CLANG_ANALYZER_NUMBER_OBJECT_CONVERSION = YES_AGGRESSIVE;
				CLANG_CXX_LANGUAGE_STANDARD = "gnu++14";
				CLANG_CXX_LIBRARY = "libc++";
				CLANG_ENABLE_MODULES = YES;
				CLANG_ENABLE_OBJC_ARC = YES;
				CLANG_ENABLE_OBJC_WEAK = YES;
				CLANG_WARN_BLOCK_CAPTURE_AUTORELEASING = YES;
				CLANG_WARN_BOOL_CONVERSION = YES;
				CLANG_WARN_COMMA = YES;
				CLANG_WARN_CONSTANT_CONVERSION = YES;
				CLANG_WARN_DEPRECATED_OBJC_IMPLEMENTATIONS = YES;
				CLANG_WARN_DIRECT_OBJC_ISA_USAGE = YES_ERROR;
				CLANG_WARN_DOCUMENTATION_COMMENTS = YES;
				CLANG_WARN_EMPTY_BODY = YES;
				CLANG_WARN_ENUM_CONVERSION = YES;
				CLANG_WARN_INFINITE_RECURSION = YES;
				CLANG_WARN_INT_CONVERSION = YES;
				CLANG_WARN_NON_LITERAL_NULL_CONVERSION = YES;
				CLANG_WARN_OBJC_IMPLICIT_RETAIN_SELF = YES;
				CLANG_WARN_OBJC_LITERAL_CONVERSION = YES;
				CLANG_WARN_OBJC_ROOT_CLASS = YES_ERROR;
				CLANG_WARN_QUOTED_INCLUDE_IN_FRAMEWORK_HEADER = YES;
				CLANG_WARN_RANGE_LOOP_ANALYSIS = YES;
				CLANG_WARN_STRICT_PROTOTYPES = YES;
				CLANG_WARN_SUSPICIOUS_MOVE = YES;
				CLANG_WARN_UNGUARDED_AVAILABILITY = YES_AGGRESSIVE;
				CLANG_WARN_UNREACHABLE_CODE = YES;
				CLANG_WARN__DUPLICATE_METHOD_MATCH = YES;
				COPY_PHASE_STRIP = NO;
				DEAD_CODE_STRIPPING = YES;
				DEBUG_INFORMATION_FORMAT = dwarf;
				ENABLE_STRICT_OBJC_MSGSEND = YES;
				ENABLE_TESTABILITY = YES;
				GCC_C_LANGUAGE_STANDARD = gnu11;
				GCC_DYNAMIC_NO_PIC = NO;
				GCC_NO_COMMON_BLOCKS = YES;
				GCC_OPTIMIZATION_LEVEL = 0;
				GCC_PREPROCESSOR_DEFINITIONS = (
					"DEBUG=1",
					"$(inherited)",
				);
				GCC_WARN_64_TO_32_BIT_CONVERSION = YES;
				GCC_WARN_ABOUT_RETURN_TYPE = YES_ERROR;
				GCC_WARN_UNDECLARED_SELECTOR = YES;
				GCC_WARN_UNINITIALIZED_AUTOS = YES_AGGRESSIVE;
				GCC_WARN_UNUSED_FUNCTION = YES;
				GCC_WARN_UNUSED_VARIABLE = YES;
				MTL_ENABLE_DEBUG_INFO = YES;
				ONLY_ACTIVE_ARCH = YES;
				PRODUCT_NAME = "$(TARGET_NAME)";
			};
			name = Debug;
		};
		DCB973DE46DFCBCBF5EDA6A0 /* Release */ = {
			isa = XCBuildConfiguration;
			buildSettings = {
				ALWAYS_SEARCH_USER_PATHS = NO;
				CLANG_ANALYZER_LOCALIZABILITY_NONLOCALIZED = YES;
				CLANG_ANALYZER_NONNULL = YES;
				CLANG_ANALYZER_NUMBER_OBJECT_CONVERSION = YES_AGGRESSIVE;
				CLANG_CXX_LANGUAGE_STANDARD = "gnu++14";
				CLANG_CXX_LIBRARY = "libc++";
				CLANG_ENABLE_MODULES = YES;
				CLANG_ENABLE_OBJC_ARC = YES;
				CLANG_ENABLE_OBJC_WEAK = YES;
				CLANG_WARN_BLOCK_CAPTURE_AUTORELEASING = YES;
				CLANG_WARN_BOOL_CONVERSION = YES;
				CLANG_WARN_COMMA = YES;
				CLANG_WARN_CONSTANT_CONVERSION = YES;
				CLANG_WARN_DEPRECATED_OBJC_IMPLEMENTATIONS = YES;
				CLANG_WARN_DIRECT_OBJC_ISA_USAGE = YES_ERROR;
				CLANG_WARN_DOCUMENTATION_COMMENTS = YES;
				CLANG_WARN_EMPTY_BODY = YES;
				CLANG_WARN_ENUM_CONVERSION = YES;
				CLANG_WARN_INFINITE_RECURSION = YES;
				CLANG_WARN_INT_CONVERSION = YES;
				CLANG_WARN_NON_LITERAL_NULL_CONVERSION = YES;
				CLANG_WARN_OBJC_IMPLICIT_RETAIN_SELF = YES;
				CLANG_WARN_OBJC_LITERAL_CONVERSION = YES;
				CLANG_WARN_OBJC_ROOT_CLASS = YES_ERROR;
				CLANG_WARN_QUOTED_INCLUDE_IN_FRAMEWORK_HEADER = YES;
				CLANG_WARN_RANGE_LOOP_ANALYSIS = YES;
				CLANG_WARN_STRICT_PROTOTYPES = YES;
				CLANG_WARN_SUSPICIOUS_MOVE = YES;
				CLANG_WARN_UNGUARDED_AVAILABILITY = YES_AGGRESSIVE;
				CLANG_WARN_UNREACHABLE_CODE = YES;
				CLANG_WARN__DUPLICATE_METHOD_MATCH = YES;
				COPY_PHASE_STRIP = NO;
				DEAD_CODE_STRIPPING = YES;
				DEBUG_INFORMATION_FORMAT = "dwarf-with-dsym";
				ENABLE_NS_ASSERTIONS = NO;
				ENABLE_STRICT_OBJC_MSGSEND = YES;
				GCC_C_LANGUAGE_STANDARD = gnu11;
				GCC_NO_COMMON_BLOCKS = YES;
				GCC_WARN_64_TO_32_BIT_CONVERSION = YES;
				GCC_WARN_ABOUT_RETURN_TYPE = YES_ERROR;
				GCC_WARN_UNDECLARED_SELECTOR = YES;
				GCC_WARN_UNINITIALIZED_AUTOS = YES_AGGRESSIVE;
				GCC_WARN_UNUSED_FUNCTION = YES;
				GCC_WARN_UNUSED_VARIABLE = YES;
				MTL_ENABLE_DEBUG_INFO = NO;
				PRODUCT_NAME = "$(TARGET_NAME)";
				VALIDATE_PRODUCT = YES;
			};
			name = Release;
		};
		E1D8DA99792EB147EA224867 /* Release */ = {
			isa = XCBuildConfiguration;
			buildSettings = {
				BUNDLE_LOADER = "$(TEST_HOST)";
				CODE_SIGN_IDENTITY = "iPhone Developer";
				INFOPLIST_FILE = Info.plist;
				LD_RUNPATH_SEARCH_PATHS = (
					"$(inherited)",
					"@executable_path/Frameworks",
					"@loader_path/Frameworks",
				);
				PRODUCT_BUNDLE_IDENTIFIER = com.jimmy.cozyinthereTests;
				PRODUCT_NAME = cozyinthereTests;
				SDKROOT = iphoneos;
				SWIFT_COMPILATION_MODE = wholemodule;
				SWIFT_OPTIMIZATION_LEVEL = "-Owholemodule";
				SWIFT_VERSION = 5.0;
				TARGETED_DEVICE_FAMILY = "1,2";
				TEST_HOST = "$(BUILT_PRODUCTS_DIR)/cozyinthere.app/cozyinthere";
				TEST_TARGET_NAME = cozyinthere;
			};
			name = Release;
		};
/* End XCBuildConfiguration section */

/* Begin XCConfigurationList section */
		13F6682B6E9B5AB391A2A94D /* Build configuration list for PBXNativeTarget "cozyinthere" */ = {
			isa = XCConfigurationList;
			buildConfigurations = (
				62E53B272D32115D1EB70720 /* Debug */,
				52398750F5775F8492C4FAA0 /* Release */,
			);
			defaultConfigurationIsVisible = 0;
			defaultConfigurationName = Release;
		};
		227966067F06AED1A6BE70E1 /* Build configuration list for PBXNativeTarget "cozyinthereTests" */ = {
			isa = XCConfigurationList;
			buildConfigurations = (
				7E7B823B75ED505469769030 /* Debug */,
				E1D8DA99792EB147EA224867 /* Release */,
			);
			defaultConfigurationIsVisible = 0;
			defaultConfigurationName = Release;
		};
		CFB692D0FD0A4271B52F4FD3 /* Build configuration list for PBXProject "cozyinthere" */ = {
			isa = XCConfigurationList;
			buildConfigurations = (
				908CEE471444A5F3572611B0 /* Debug */,
				DCB973DE46DFCBCBF5EDA6A0 /* Release */,
			);
			defaultConfigurationIsVisible = 0;
			defaultConfigurationName = Release;
		};
/* End XCConfigurationList section */
	};
	rootObject = D883884C64F37282AC8E3A1B /* Project object */;
}
