// !$*UTF8*$!
{
	archiveVersion = 1;
	classes = {
	};
	objectVersion = 56;
	objects = {

/* Begin PBXBuildFile section */
		BF8CDDA52A9064E6005D492C /* cozyinthereApp.swift in Sources */ = {isa = PBXBuildFile; fileRef = BF8CDDA42A9064E6005D492C /* cozyinthereApp.swift */; };
		BF8CDDA72A9064E6005D492C /* ContentView.swift in Sources */ = {isa = PBXBuildFile; fileRef = BF8CDDA62A9064E6005D492C /* ContentView.swift */; };
		BF8CDDA92A9064E7005D492C /* Assets.xcassets in Resources */ = {isa = PBXBuildFile; fileRef = BF8CDDA82A9064E7005D492C /* Assets.xcassets */; };
		BF8CDDAC2A9064E7005D492C /* Preview Assets.xcassets in Resources */ = {isa = PBXBuildFile; fileRef = BF8CDDAB2A9064E7005D492C /* Preview Assets.xcassets */; };
		BF8CDDB62A9064E7005D492C /* cozyinthereTests.swift in Sources */ = {isa = PBXBuildFile; fileRef = BF8CDDB52A9064E7005D492C /* cozyinthereTests.swift */; };
		BF8CDDC02A9064E7005D492C /* cozyinthereUITests.swift in Sources */ = {isa = PBXBuildFile; fileRef = BF8CDDBF2A9064E7005D492C /* cozyinthereUITests.swift */; };
		BF8CDDC22A9064E7005D492C /* cozyinthereUITestsLaunchTests.swift in Sources */ = {isa = PBXBuildFile; fileRef = BF8CDDC12A9064E7005D492C /* cozyinthereUITestsLaunchTests.swift */; };
/* End PBXBuildFile section */

/* Begin PBXContainerItemProxy section */
		BF8CDDB22A9064E7005D492C /* PBXContainerItemProxy */ = {
			isa = PBXContainerItemProxy;
			containerPortal = BF8CDD992A9064E6005D492C /* Project object */;
			proxyType = 1;
			remoteGlobalIDString = BF8CDDA02A9064E6005D492C;
			remoteInfo = cozyinthere;
		};
		BF8CDDBC2A9064E7005D492C /* PBXContainerItemProxy */ = {
			isa = PBXContainerItemProxy;
			containerPortal = BF8CDD992A9064E6005D492C /* Project object */;
			proxyType = 1;
			remoteGlobalIDString = BF8CDDA02A9064E6005D492C;
			remoteInfo = cozyinthere;
		};
/* End PBXContainerItemProxy section */

/* Begin PBXFileReference section */
		BF8CDDA12A9064E6005D492C /* cozyinthere.app */ = {isa = PBXFileReference; explicitFileType = wrapper.application; includeInIndex = 0; path = cozyinthere.app; sourceTree = BUILT_PRODUCTS_DIR; };
		BF8CDDA42A9064E6005D492C /* cozyinthereApp.swift */ = {isa = PBXFileReference; lastKnownFileType = sourcecode.swift; path = cozyinthereApp.swift; sourceTree = "<group>"; };
		BF8CDDA62A9064E6005D492C /* ContentView.swift */ = {isa = PBXFileReference; lastKnownFileType = sourcecode.swift; path = ContentView.swift; sourceTree = "<group>"; };
		BF8CDDA82A9064E7005D492C /* Assets.xcassets */ = {isa = PBXFileReference; lastKnownFileType = folder.assetcatalog; path = Assets.xcassets; sourceTree = "<group>"; };
		BF8CDDAB2A9064E7005D492C /* Preview Assets.xcassets */ = {isa = PBXFileReference; lastKnownFileType = folder.assetcatalog; path = "Preview Assets.xcassets"; sourceTree = "<group>"; };
		BF8CDDB12A9064E7005D492C /* cozyinthereTests.xctest */ = {isa = PBXFileReference; explicitFileType = wrapper.cfbundle; includeInIndex = 0; path = cozyinthereTests.xctest; sourceTree = BUILT_PRODUCTS_DIR; };
		BF8CDDB52A9064E7005D492C /* cozyinthereTests.swift */ = {isa = PBXFileReference; lastKnownFileType = sourcecode.swift; path = cozyinthereTests.swift; sourceTree = "<group>"; };
		BF8CDDBB2A9064E7005D492C /* cozyinthereUITests.xctest */ = {isa = PBXFileReference; explicitFileType = wrapper.cfbundle; includeInIndex = 0; path = cozyinthereUITests.xctest; sourceTree = BUILT_PRODUCTS_DIR; };
		BF8CDDBF2A9064E7005D492C /* cozyinthereUITests.swift */ = {isa = PBXFileReference; lastKnownFileType = sourcecode.swift; path = cozyinthereUITests.swift; sourceTree = "<group>"; };
		BF8CDDC12A9064E7005D492C /* cozyinthereUITestsLaunchTests.swift */ = {isa = PBXFileReference; lastKnownFileType = sourcecode.swift; path = cozyinthereUITestsLaunchTests.swift; sourceTree = "<group>"; };
/* End PBXFileReference section */

/* Begin PBXFrameworksBuildPhase section */
		BF8CDD9E2A9064E6005D492C /* Frameworks */ = {
			isa = PBXFrameworksBuildPhase;
			buildActionMask = 2147483647;
			files = (
			);
			runOnlyForDeploymentPostprocessing = 0;
		};
		BF8CDDAE2A9064E7005D492C /* Frameworks */ = {
			isa = PBXFrameworksBuildPhase;
			buildActionMask = 2147483647;
			files = (
			);
			runOnlyForDeploymentPostprocessing = 0;
		};
		BF8CDDB82A9064E7005D492C /* Frameworks */ = {
			isa = PBXFrameworksBuildPhase;
			buildActionMask = 2147483647;
			files = (
			);
			runOnlyForDeploymentPostprocessing = 0;
		};
/* End PBXFrameworksBuildPhase section */

/* Begin PBXGroup section */
		BF8CDD982A9064E6005D492C = {
			isa = PBXGroup;
			children = (
				BF8CDDA32A9064E6005D492C /* cozyinthere */,
				BF8CDDB42A9064E7005D492C /* cozyinthereTests */,
				BF8CDDBE2A9064E7005D492C /* cozyinthereUITests */,
				BF8CDDA22A9064E6005D492C /* Products */,
			);
			sourceTree = "<group>";
		};
		BF8CDDA22A9064E6005D492C /* Products */ = {
			isa = PBXGroup;
			children = (
				BF8CDDA12A9064E6005D492C /* cozyinthere.app */,
				BF8CDDB12A9064E7005D492C /* cozyinthereTests.xctest */,
				BF8CDDBB2A9064E7005D492C /* cozyinthereUITests.xctest */,
			);
			name = Products;
			sourceTree = "<group>";
		};
		BF8CDDA32A9064E6005D492C /* cozyinthere */ = {
			isa = PBXGroup;
			children = (
				BF8CDDA42A9064E6005D492C /* cozyinthereApp.swift */,
				BF8CDDA62A9064E6005D492C /* ContentView.swift */,
				BF8CDDA82A9064E7005D492C /* Assets.xcassets */,
				BF8CDDAA2A9064E7005D492C /* Preview Content */,
			);
			path = cozyinthere;
			sourceTree = "<group>";
		};
		BF8CDDAA2A9064E7005D492C /* Preview Content */ = {
			isa = PBXGroup;
			children = (
				BF8CDDAB2A9064E7005D492C /* Preview Assets.xcassets */,
			);
			path = "Preview Content";
			sourceTree = "<group>";
		};
		BF8CDDB42A9064E7005D492C /* cozyinthereTests */ = {
			isa = PBXGroup;
			children = (
				BF8CDDB52A9064E7005D492C /* cozyinthereTests.swift */,
			);
			path = cozyinthereTests;
			sourceTree = "<group>";
		};
		BF8CDDBE2A9064E7005D492C /* cozyinthereUITests */ = {
			isa = PBXGroup;
			children = (
				BF8CDDBF2A9064E7005D492C /* cozyinthereUITests.swift */,
				BF8CDDC12A9064E7005D492C /* cozyinthereUITestsLaunchTests.swift */,
			);
			path = cozyinthereUITests;
			sourceTree = "<group>";
		};
/* End PBXGroup section */

/* Begin PBXNativeTarget section */
		BF8CDDA02A9064E6005D492C /* cozyinthere */ = {
			isa = PBXNativeTarget;
			buildConfigurationList = BF8CDDC52A9064E7005D492C /* Build configuration list for PBXNativeTarget "cozyinthere" */;
			buildPhases = (
				BF8CDD9D2A9064E6005D492C /* Sources */,
				BF8CDD9E2A9064E6005D492C /* Frameworks */,
				BF8CDD9F2A9064E6005D492C /* Resources */,
			);
			buildRules = (
			);
			dependencies = (
			);
			name = cozyinthere;
			productName = cozyinthere;
			productReference = BF8CDDA12A9064E6005D492C /* cozyinthere.app */;
			productType = "com.apple.product-type.application";
		};
		BF8CDDB02A9064E7005D492C /* cozyinthereTests */ = {
			isa = PBXNativeTarget;
			buildConfigurationList = BF8CDDC82A9064E7005D492C /* Build configuration list for PBXNativeTarget "cozyinthereTests" */;
			buildPhases = (
				BF8CDDAD2A9064E7005D492C /* Sources */,
				BF8CDDAE2A9064E7005D492C /* Frameworks */,
				BF8CDDAF2A9064E7005D492C /* Resources */,
			);
			buildRules = (
			);
			dependencies = (
				BF8CDDB32A9064E7005D492C /* PBXTargetDependency */,
			);
			name = cozyinthereTests;
			productName = cozyinthereTests;
			productReference = BF8CDDB12A9064E7005D492C /* cozyinthereTests.xctest */;
			productType = "com.apple.product-type.bundle.unit-test";
		};
		BF8CDDBA2A9064E7005D492C /* cozyinthereUITests */ = {
			isa = PBXNativeTarget;
			buildConfigurationList = BF8CDDCB2A9064E7005D492C /* Build configuration list for PBXNativeTarget "cozyinthereUITests" */;
			buildPhases = (
				BF8CDDB72A9064E7005D492C /* Sources */,
				BF8CDDB82A9064E7005D492C /* Frameworks */,
				BF8CDDB92A9064E7005D492C /* Resources */,
			);
			buildRules = (
			);
			dependencies = (
				BF8CDDBD2A9064E7005D492C /* PBXTargetDependency */,
			);
			name = cozyinthereUITests;
			productName = cozyinthereUITests;
			productReference = BF8CDDBB2A9064E7005D492C /* cozyinthereUITests.xctest */;
			productType = "com.apple.product-type.bundle.ui-testing";
		};
/* End PBXNativeTarget section */

/* Begin PBXProject section */
		BF8CDD992A9064E6005D492C /* Project object */ = {
			isa = PBXProject;
			attributes = {
				BuildIndependentTargetsInParallel = 1;
				LastSwiftUpdateCheck = 1430;
				LastUpgradeCheck = 1430;
				TargetAttributes = {
					BF8CDDA02A9064E6005D492C = {
						CreatedOnToolsVersion = 14.3.1;
					};
					BF8CDDB02A9064E7005D492C = {
						CreatedOnToolsVersion = 14.3.1;
						TestTargetID = BF8CDDA02A9064E6005D492C;
					};
					BF8CDDBA2A9064E7005D492C = {
						CreatedOnToolsVersion = 14.3.1;
						TestTargetID = BF8CDDA02A9064E6005D492C;
					};
				};
			};
			buildConfigurationList = BF8CDD9C2A9064E6005D492C /* Build configuration list for PBXProject "cozyinthere" */;
			compatibilityVersion = "Xcode 14.0";
			developmentRegion = en;
			hasScannedForEncodings = 0;
			knownRegions = (
				en,
				Base,
			);
			mainGroup = BF8CDD982A9064E6005D492C;
			productRefGroup = BF8CDDA22A9064E6005D492C /* Products */;
			projectDirPath = "";
			projectRoot = "";
			targets = (
				BF8CDDA02A9064E6005D492C /* cozyinthere */,
				BF8CDDB02A9064E7005D492C /* cozyinthereTests */,
				BF8CDDBA2A9064E7005D492C /* cozyinthereUITests */,
			);
		};
/* End PBXProject section */

/* Begin PBXResourcesBuildPhase section */
		BF8CDD9F2A9064E6005D492C /* Resources */ = {
			isa = PBXResourcesBuildPhase;
			buildActionMask = 2147483647;
			files = (
				BF8CDDAC2A9064E7005D492C /* Preview Assets.xcassets in Resources */,
				BF8CDDA92A9064E7005D492C /* Assets.xcassets in Resources */,
			);
			runOnlyForDeploymentPostprocessing = 0;
		};
		BF8CDDAF2A9064E7005D492C /* Resources */ = {
			isa = PBXResourcesBuildPhase;
			buildActionMask = 2147483647;
			files = (
			);
			runOnlyForDeploymentPostprocessing = 0;
		};
		BF8CDDB92A9064E7005D492C /* Resources */ = {
			isa = PBXResourcesBuildPhase;
			buildActionMask = 2147483647;
			files = (
			);
			runOnlyForDeploymentPostprocessing = 0;
		};
/* End PBXResourcesBuildPhase section */

/* Begin PBXSourcesBuildPhase section */
		BF8CDD9D2A9064E6005D492C /* Sources */ = {
			isa = PBXSourcesBuildPhase;
			buildActionMask = 2147483647;
			files = (
				BF8CDDA72A9064E6005D492C /* ContentView.swift in Sources */,
				BF8CDDA52A9064E6005D492C /* cozyinthereApp.swift in Sources */,
			);
			runOnlyForDeploymentPostprocessing = 0;
		};
		BF8CDDAD2A9064E7005D492C /* Sources */ = {
			isa = PBXSourcesBuildPhase;
			buildActionMask = 2147483647;
			files = (
				BF8CDDB62A9064E7005D492C /* cozyinthereTests.swift in Sources */,
			);
			runOnlyForDeploymentPostprocessing = 0;
		};
		BF8CDDB72A9064E7005D492C /* Sources */ = {
			isa = PBXSourcesBuildPhase;
			buildActionMask = 2147483647;
			files = (
				BF8CDDC02A9064E7005D492C /* cozyinthereUITests.swift in Sources */,
				BF8CDDC22A9064E7005D492C /* cozyinthereUITestsLaunchTests.swift in Sources */,
			);
			runOnlyForDeploymentPostprocessing = 0;
		};
/* End PBXSourcesBuildPhase section */

/* Begin PBXTargetDependency section */
		BF8CDDB32A9064E7005D492C /* PBXTargetDependency */ = {
			isa = PBXTargetDependency;
			target = BF8CDDA02A9064E6005D492C /* cozyinthere */;
			targetProxy = BF8CDDB22A9064E7005D492C /* PBXContainerItemProxy */;
		};
		BF8CDDBD2A9064E7005D492C /* PBXTargetDependency */ = {
			isa = PBXTargetDependency;
			target = BF8CDDA02A9064E6005D492C /* cozyinthere */;
			targetProxy = BF8CDDBC2A9064E7005D492C /* PBXContainerItemProxy */;
		};
/* End PBXTargetDependency section */

/* Begin XCBuildConfiguration section */
		BF8CDDC32A9064E7005D492C /* Debug */ = {
			isa = XCBuildConfiguration;
			buildSettings = {
				ALWAYS_SEARCH_USER_PATHS = NO;
				CLANG_ANALYZER_NONNULL = YES;
				CLANG_ANALYZER_NUMBER_OBJECT_CONVERSION = YES_AGGRESSIVE;
				CLANG_CXX_LANGUAGE_STANDARD = "gnu++20";
				CLANG_ENABLE_MODULES = YES;
				CLANG_ENABLE_OBJC_ARC = YES;
				CLANG_ENABLE_OBJC_WEAK = YES;
				CLANG_WARN_BLOCK_CAPTURE_AUTORELEASING = YES;
				CLANG_WARN_BOOL_CONVERSION = YES;
				CLANG_WARN_COMMA = YES;
				CLANG_WARN_CONSTANT_CONVERSION = YES;
				CLANG_WARN_DEPRECATED_OBJC_IMPLEMENTATIONS = YES;
				CLANG_WARN_DIRECT_OBJC_ISA_USAGE = YES_ERROR;
				CLANG_WARN_DOCUMENTATION_COMMENTS = YES;
				CLANG_WARN_EMPTY_BODY = YES;
				CLANG_WARN_ENUM_CONVERSION = YES;
				CLANG_WARN_INFINITE_RECURSION = YES;
				CLANG_WARN_INT_CONVERSION = YES;
				CLANG_WARN_NON_LITERAL_NULL_CONVERSION = YES;
				CLANG_WARN_OBJC_IMPLICIT_RETAIN_SELF = YES;
				CLANG_WARN_OBJC_LITERAL_CONVERSION = YES;
				CLANG_WARN_OBJC_ROOT_CLASS = YES_ERROR;
				CLANG_WARN_QUOTED_INCLUDE_IN_FRAMEWORK_HEADER = YES;
				CLANG_WARN_RANGE_LOOP_ANALYSIS = YES;
				CLANG_WARN_STRICT_PROTOTYPES = YES;
				CLANG_WARN_SUSPICIOUS_MOVE = YES;
				CLANG_WARN_UNGUARDED_AVAILABILITY = YES_AGGRESSIVE;
				CLANG_WARN_UNREACHABLE_CODE = YES;
				CLANG_WARN__DUPLICATE_METHOD_MATCH = YES;
				COPY_PHASE_STRIP = NO;
				DEBUG_INFORMATION_FORMAT = dwarf;
				ENABLE_STRICT_OBJC_MSGSEND = YES;
				ENABLE_TESTABILITY = YES;
				GCC_C_LANGUAGE_STANDARD = gnu11;
				GCC_DYNAMIC_NO_PIC = NO;
				GCC_NO_COMMON_BLOCKS = YES;
				GCC_OPTIMIZATION_LEVEL = 0;
				GCC_PREPROCESSOR_DEFINITIONS = (
					"DEBUG=1",
					"$(inherited)",
				);
				GCC_WARN_64_TO_32_BIT_CONVERSION = YES;
				GCC_WARN_ABOUT_RETURN_TYPE = YES_ERROR;
				GCC_WARN_UNDECLARED_SELECTOR = YES;
				GCC_WARN_UNINITIALIZED_AUTOS = YES_AGGRESSIVE;
				GCC_WARN_UNUSED_FUNCTION = YES;
				GCC_WARN_UNUSED_VARIABLE = YES;
				IPHONEOS_DEPLOYMENT_TARGET = 16.4;
				MTL_ENABLE_DEBUG_INFO = INCLUDE_SOURCE;
				MTL_FAST_MATH = YES;
				ONLY_ACTIVE_ARCH = YES;
				SDKROOT = iphoneos;
				SWIFT_ACTIVE_COMPILATION_CONDITIONS = DEBUG;
				SWIFT_OPTIMIZATION_LEVEL = "-Onone";
			};
			name = Debug;
		};
		BF8CDDC42A9064E7005D492C /* Release */ = {
			isa = XCBuildConfiguration;
			buildSettings = {
				ALWAYS_SEARCH_USER_PATHS = NO;
				CLANG_ANALYZER_NONNULL = YES;
				CLANG_ANALYZER_NUMBER_OBJECT_CONVERSION = YES_AGGRESSIVE;
				CLANG_CXX_LANGUAGE_STANDARD = "gnu++20";
				CLANG_ENABLE_MODULES = YES;
				CLANG_ENABLE_OBJC_ARC = YES;
				CLANG_ENABLE_OBJC_WEAK = YES;
				CLANG_WARN_BLOCK_CAPTURE_AUTORELEASING = YES;
				CLANG_WARN_BOOL_CONVERSION = YES;
				CLANG_WARN_COMMA = YES;
				CLANG_WARN_CONSTANT_CONVERSION = YES;
				CLANG_WARN_DEPRECATED_OBJC_IMPLEMENTATIONS = YES;
				CLANG_WARN_DIRECT_OBJC_ISA_USAGE = YES_ERROR;
				CLANG_WARN_DOCUMENTATION_COMMENTS = YES;
				CLANG_WARN_EMPTY_BODY = YES;
				CLANG_WARN_ENUM_CONVERSION = YES;
				CLANG_WARN_INFINITE_RECURSION = YES;
				CLANG_WARN_INT_CONVERSION = YES;
				CLANG_WARN_NON_LITERAL_NULL_CONVERSION = YES;
				CLANG_WARN_OBJC_IMPLICIT_RETAIN_SELF = YES;
				CLANG_WARN_OBJC_LITERAL_CONVERSION = YES;
				CLANG_WARN_OBJC_ROOT_CLASS = YES_ERROR;
				CLANG_WARN_QUOTED_INCLUDE_IN_FRAMEWORK_HEADER = YES;
				CLANG_WARN_RANGE_LOOP_ANALYSIS = YES;
				CLANG_WARN_STRICT_PROTOTYPES = YES;
				CLANG_WARN_SUSPICIOUS_MOVE = YES;
				CLANG_WARN_UNGUARDED_AVAILABILITY = YES_AGGRESSIVE;
				CLANG_WARN_UNREACHABLE_CODE = YES;
				CLANG_WARN__DUPLICATE_METHOD_MATCH = YES;
				COPY_PHASE_STRIP = NO;
				DEBUG_INFORMATION_FORMAT = "dwarf-with-dsym";
				ENABLE_NS_ASSERTIONS = NO;
				ENABLE_STRICT_OBJC_MSGSEND = YES;
				GCC_C_LANGUAGE_STANDARD = gnu11;
				GCC_NO_COMMON_BLOCKS = YES;
				GCC_WARN_64_TO_32_BIT_CONVERSION = YES;
				GCC_WARN_ABOUT_RETURN_TYPE = YES_ERROR;
				GCC_WARN_UNDECLARED_SELECTOR = YES;
				GCC_WARN_UNINITIALIZED_AUTOS = YES_AGGRESSIVE;
				GCC_WARN_UNUSED_FUNCTION = YES;
				GCC_WARN_UNUSED_VARIABLE = YES;
				IPHONEOS_DEPLOYMENT_TARGET = 16.4;
				MTL_ENABLE_DEBUG_INFO = NO;
				MTL_FAST_MATH = YES;
				SDKROOT = iphoneos;
				SWIFT_COMPILATION_MODE = wholemodule;
				SWIFT_OPTIMIZATION_LEVEL = "-O";
				VALIDATE_PRODUCT = YES;
			};
			name = Release;
		};
		BF8CDDC62A9064E7005D492C /* Debug */ = {
			isa = XCBuildConfiguration;
			buildSettings = {
				ASSETCATALOG_COMPILER_APPICON_NAME = AppIcon;
				ASSETCATALOG_COMPILER_GLOBAL_ACCENT_COLOR_NAME = AccentColor;
				CODE_SIGN_STYLE = Automatic;
				CURRENT_PROJECT_VERSION = 1;
				DEVELOPMENT_ASSET_PATHS = "\"cozyinthere/Preview Content\"";
				DEVELOPMENT_TEAM = 5H679H8G3X;
				ENABLE_PREVIEWS = YES;
				GENERATE_INFOPLIST_FILE = YES;
				INFOPLIST_KEY_UIApplicationSceneManifest_Generation = YES;
				INFOPLIST_KEY_UIApplicationSupportsIndirectInputEvents = YES;
				INFOPLIST_KEY_UILaunchScreen_Generation = YES;
				INFOPLIST_KEY_UISupportedInterfaceOrientations_iPad = "UIInterfaceOrientationPortrait UIInterfaceOrientationPortraitUpsideDown UIInterfaceOrientationLandscapeLeft UIInterfaceOrientationLandscapeRight";
				INFOPLIST_KEY_UISupportedInterfaceOrientations_iPhone = "UIInterfaceOrientationPortrait UIInterfaceOrientationLandscapeLeft UIInterfaceOrientationLandscapeRight";
				LD_RUNPATH_SEARCH_PATHS = (
					"$(inherited)",
					"@executable_path/Frameworks",
				);
				MARKETING_VERSION = 1.0;
				PRODUCT_BUNDLE_IDENTIFIER = com.jimmy.cozyinthere;
				PRODUCT_NAME = "$(TARGET_NAME)";
				SWIFT_EMIT_LOC_STRINGS = YES;
				SWIFT_VERSION = 5.0;
				TARGETED_DEVICE_FAMILY = "1,2";
			};
			name = Debug;
		};
		BF8CDDC72A9064E7005D492C /* Release */ = {
			isa = XCBuildConfiguration;
			buildSettings = {
				ASSETCATALOG_COMPILER_APPICON_NAME = AppIcon;
				ASSETCATALOG_COMPILER_GLOBAL_ACCENT_COLOR_NAME = AccentColor;
				CODE_SIGN_STYLE = Automatic;
				CURRENT_PROJECT_VERSION = 1;
				DEVELOPMENT_ASSET_PATHS = "\"cozyinthere/Preview Content\"";
				DEVELOPMENT_TEAM = 5H679H8G3X;
				ENABLE_PREVIEWS = YES;
				GENERATE_INFOPLIST_FILE = YES;
				INFOPLIST_KEY_UIApplicationSceneManifest_Generation = YES;
				INFOPLIST_KEY_UIApplicationSupportsIndirectInputEvents = YES;
				INFOPLIST_KEY_UILaunchScreen_Generation = YES;
				INFOPLIST_KEY_UISupportedInterfaceOrientations_iPad = "UIInterfaceOrientationPortrait UIInterfaceOrientationPortraitUpsideDown UIInterfaceOrientationLandscapeLeft UIInterfaceOrientationLandscapeRight";
				INFOPLIST_KEY_UISupportedInterfaceOrientations_iPhone = "UIInterfaceOrientationPortrait UIInterfaceOrientationLandscapeLeft UIInterfaceOrientationLandscapeRight";
				LD_RUNPATH_SEARCH_PATHS = (
					"$(inherited)",
					"@executable_path/Frameworks",
				);
				MARKETING_VERSION = 1.0;
				PRODUCT_BUNDLE_IDENTIFIER = com.jimmy.cozyinthere;
				PRODUCT_NAME = "$(TARGET_NAME)";
				SWIFT_EMIT_LOC_STRINGS = YES;
				SWIFT_VERSION = 5.0;
				TARGETED_DEVICE_FAMILY = "1,2";
			};
			name = Release;
		};
		BF8CDDC92A9064E7005D492C /* Debug */ = {
			isa = XCBuildConfiguration;
			buildSettings = {
				ALWAYS_EMBED_SWIFT_STANDARD_LIBRARIES = YES;
				BUNDLE_LOADER = "$(TEST_HOST)";
				CODE_SIGN_STYLE = Automatic;
				CURRENT_PROJECT_VERSION = 1;
				DEVELOPMENT_TEAM = 5H679H8G3X;
				GENERATE_INFOPLIST_FILE = YES;
				IPHONEOS_DEPLOYMENT_TARGET = 16.4;
				MARKETING_VERSION = 1.0;
				PRODUCT_BUNDLE_IDENTIFIER = com.jimmy.cozyinthereTests;
				PRODUCT_NAME = "$(TARGET_NAME)";
				SWIFT_EMIT_LOC_STRINGS = NO;
				SWIFT_VERSION = 5.0;
				TARGETED_DEVICE_FAMILY = "1,2";
				TEST_HOST = "$(BUILT_PRODUCTS_DIR)/cozyinthere.app/$(BUNDLE_EXECUTABLE_FOLDER_PATH)/cozyinthere";
			};
			name = Debug;
		};
		BF8CDDCA2A9064E7005D492C /* Release */ = {
			isa = XCBuildConfiguration;
			buildSettings = {
				ALWAYS_EMBED_SWIFT_STANDARD_LIBRARIES = YES;
				BUNDLE_LOADER = "$(TEST_HOST)";
				CODE_SIGN_STYLE = Automatic;
				CURRENT_PROJECT_VERSION = 1;
				DEVELOPMENT_TEAM = 5H679H8G3X;
				GENERATE_INFOPLIST_FILE = YES;
				IPHONEOS_DEPLOYMENT_TARGET = 16.4;
				MARKETING_VERSION = 1.0;
				PRODUCT_BUNDLE_IDENTIFIER = com.jimmy.cozyinthereTests;
				PRODUCT_NAME = "$(TARGET_NAME)";
				SWIFT_EMIT_LOC_STRINGS = NO;
				SWIFT_VERSION = 5.0;
				TARGETED_DEVICE_FAMILY = "1,2";
				TEST_HOST = "$(BUILT_PRODUCTS_DIR)/cozyinthere.app/$(BUNDLE_EXECUTABLE_FOLDER_PATH)/cozyinthere";
			};
			name = Release;
		};
		BF8CDDCC2A9064E7005D492C /* Debug */ = {
			isa = XCBuildConfiguration;
			buildSettings = {
				ALWAYS_EMBED_SWIFT_STANDARD_LIBRARIES = YES;
				CODE_SIGN_STYLE = Automatic;
				CURRENT_PROJECT_VERSION = 1;
				DEVELOPMENT_TEAM = 5H679H8G3X;
				GENERATE_INFOPLIST_FILE = YES;
				MARKETING_VERSION = 1.0;
				PRODUCT_BUNDLE_IDENTIFIER = com.jimmy.cozyinthereUITests;
				PRODUCT_NAME = "$(TARGET_NAME)";
				SWIFT_EMIT_LOC_STRINGS = NO;
				SWIFT_VERSION = 5.0;
				TARGETED_DEVICE_FAMILY = "1,2";
				TEST_TARGET_NAME = cozyinthere;
			};
			name = Debug;
		};
		BF8CDDCD2A9064E7005D492C /* Release */ = {
			isa = XCBuildConfiguration;
			buildSettings = {
				ALWAYS_EMBED_SWIFT_STANDARD_LIBRARIES = YES;
				CODE_SIGN_STYLE = Automatic;
				CURRENT_PROJECT_VERSION = 1;
				DEVELOPMENT_TEAM = 5H679H8G3X;
				GENERATE_INFOPLIST_FILE = YES;
				MARKETING_VERSION = 1.0;
				PRODUCT_BUNDLE_IDENTIFIER = com.jimmy.cozyinthereUITests;
				PRODUCT_NAME = "$(TARGET_NAME)";
				SWIFT_EMIT_LOC_STRINGS = NO;
				SWIFT_VERSION = 5.0;
				TARGETED_DEVICE_FAMILY = "1,2";
				TEST_TARGET_NAME = cozyinthere;
			};
			name = Release;
		};
/* End XCBuildConfiguration section */

/* Begin XCConfigurationList section */
		BF8CDD9C2A9064E6005D492C /* Build configuration list for PBXProject "cozyinthere" */ = {
			isa = XCConfigurationList;
			buildConfigurations = (
				BF8CDDC32A9064E7005D492C /* Debug */,
				BF8CDDC42A9064E7005D492C /* Release */,
			);
			defaultConfigurationIsVisible = 0;
			defaultConfigurationName = Release;
		};
		BF8CDDC52A9064E7005D492C /* Build configuration list for PBXNativeTarget "cozyinthere" */ = {
			isa = XCConfigurationList;
			buildConfigurations = (
				BF8CDDC62A9064E7005D492C /* Debug */,
				BF8CDDC72A9064E7005D492C /* Release */,
			);
			defaultConfigurationIsVisible = 0;
			defaultConfigurationName = Release;
		};
		BF8CDDC82A9064E7005D492C /* Build configuration list for PBXNativeTarget "cozyinthereTests" */ = {
			isa = XCConfigurationList;
			buildConfigurations = (
				BF8CDDC92A9064E7005D492C /* Debug */,
				BF8CDDCA2A9064E7005D492C /* Release */,
			);
			defaultConfigurationIsVisible = 0;
			defaultConfigurationName = Release;
		};
		BF8CDDCB2A9064E7005D492C /* Build configuration list for PBXNativeTarget "cozyinthereUITests" */ = {
			isa = XCConfigurationList;
			buildConfigurations = (
				BF8CDDCC2A9064E7005D492C /* Debug */,
				BF8CDDCD2A9064E7005D492C /* Release */,
			);
			defaultConfigurationIsVisible = 0;
			defaultConfigurationName = Release;
		};
/* End XCConfigurationList section */
	};
	rootObject = BF8CDD992A9064E6005D492C /* Project object */;
}
